
Microsoft Visual Studio Solution File, Format Version 12.00
Project("{FAE04EC0-301F-11D3-BF4B-00C04F79EFBC}") = "day05", "day05\day05.csproj", "{9F223C13-9DB7-4253-B9BA-E02772A09B4A}"
EndProject
Global
	GlobalSection(SolutionConfigurationPlatforms) = preSolution
		Debug|Any CPU = Debug|Any CPU
		Release|Any CPU = Release|Any CPU
	EndGlobalSection
	GlobalSection(ProjectConfigurationPlatforms) = postSolution
		{9F223C13-9DB7-4253-B9BA-E02772A09B4A}.Debug|Any CPU.ActiveCfg = Debug|Any CPU
		{9F223C13-9DB7-4253-B9BA-E02772A09B4A}.Debug|Any CPU.Build.0 = Debug|Any CPU
		{9F223C13-9DB7-4253-B9BA-E02772A09B4A}.Release|Any CPU.ActiveCfg = Release|Any CPU
		{9F223C13-9DB7-4253-B9BA-E02772A09B4A}.Release|Any CPU.Build.0 = Release|Any CPU
	EndGlobalSection
EndGlobal
